PODS:
  - FVDebugDataBrowser (0.1.0)

DEPENDENCIES:
  - FVDebugDataBrowser (from `../`)

EXTERNAL SOURCES:
  FVDebugDataBrowser:
    :path: "../"

SPEC CHECKSUMS:
  FVDebugDataBrowser: 61d7eabef74093912f78b9b201846a105273f456

PODFILE CHECKSUM: 505507cf906004f49fd8cfc661aa448632d8baa3

COCOAPODS: 1.5.3
